// !$*UTF8*$!
{
	archiveVersion = 1;
	classes = {
	};
	objectVersion = 46;
	objects = {

/* Begin PBXBuildFile section */
		4E2754371F2D5EB10093473E /* AppDelegate.swift in Sources */ = {isa = PBXBuildFile; fileRef = 4E2754361F2D5EB10093473E /* AppDelegate.swift */; };
		4E2754391F2D5EB10093473E /* ViewController.swift in Sources */ = {isa = PBXBuildFile; fileRef = 4E2754381F2D5EB10093473E /* ViewController.swift */; };
		4E27543C1F2D5EB20093473E /* Main.storyboard in Resources */ = {isa = PBXBuildFile; fileRef = 4E27543A1F2D5EB20093473E /* Main.storyboard */; };
		4E27543E1F2D5EB20093473E /* Assets.xcassets in Resources */ = {isa = PBXBuildFile; fileRef = 4E27543D1F2D5EB20093473E /* Assets.xcassets */; };
		4E2754411F2D5EB20093473E /* LaunchScreen.storyboard in Resources */ = {isa = PBXBuildFile; fileRef = 4E27543F1F2D5EB20093473E /* LaunchScreen.storyboard */; };
		4E2754491F2E24CE0093473E /* Flashcards.swift in Sources */ = {isa = PBXBuildFile; fileRef = 4E2754481F2E24CE0093473E /* Flashcards.swift */; };
/* End PBXBuildFile section */

/* Begin PBXFileReference section */
		4E2754331F2D5EB10093473E /* FlashGit.app */ = {isa = PBXFileReference; explicitFileType = wrapper.application; includeInIndex = 0; path = FlashGit.app; sourceTree = BUILT_PRODUCTS_DIR; };
		4E2754361F2D5EB10093473E /* AppDelegate.swift */ = {isa = PBXFileReference; lastKnownFileType = sourcecode.swift; path = AppDelegate.swift; sourceTree = "<group>"; };
		4E2754381F2D5EB10093473E /* ViewController.swift */ = {isa = PBXFileReference; lastKnownFileType = sourcecode.swift; path = ViewController.swift; sourceTree = "<group>"; };
		4E27543B1F2D5EB20093473E /* Base */ = {isa = PBXFileReference; lastKnownFileType = file.storyboard; name = Base; path = Base.lproj/Main.storyboard; sourceTree = "<group>"; };
		4E27543D1F2D5EB20093473E /* Assets.xcassets */ = {isa = PBXFileReference; lastKnownFileType = folder.assetcatalog; path = Assets.xcassets; sourceTree = "<group>"; };
		4E2754401F2D5EB20093473E /* Base */ = {isa = PBXFileReference; lastKnownFileType = file.storyboard; name = Base; path = Base.lproj/LaunchScreen.storyboard; sourceTree = "<group>"; };
		4E2754421F2D5EB20093473E /* Info.plist */ = {isa = PBXFileReference; lastKnownFileType = text.plist.xml; path = Info.plist; sourceTree = "<group>"; };
		4E2754481F2E24CE0093473E /* Flashcards.swift */ = {isa = PBXFileReference; fileEncoding = 4; lastKnownFileType = sourcecode.swift; path = Flashcards.swift; sourceTree = "<group>"; };
/* End PBXFileReference section */

/* Begin PBXFrameworksBuildPhase section */
		4E2754301F2D5EB10093473E /* Frameworks */ = {
			isa = PBXFrameworksBuildPhase;
			buildActionMask = 2147483647;
			files = (
			);
			runOnlyForDeploymentPostprocessing = 0;
		};
/* End PBXFrameworksBuildPhase section */

/* Begin PBXGroup section */
		4E27542A1F2D5EB10093473E = {
			isa = PBXGroup;
			children = (
				4E2754351F2D5EB10093473E /* FlashGit */,
				4E2754341F2D5EB10093473E /* Products */,
			);
			sourceTree = "<group>";
		};
		4E2754341F2D5EB10093473E /* Products */ = {
			isa = PBXGroup;
			children = (
				4E2754331F2D5EB10093473E /* FlashGit.app */,
			);
			name = Products;
			sourceTree = "<group>";
		};
		4E2754351F2D5EB10093473E /* FlashGit */ = {
			isa = PBXGroup;
			children = (
				4E2754361F2D5EB10093473E /* AppDelegate.swift */,
				4E2754381F2D5EB10093473E /* ViewController.swift */,
				4E27543A1F2D5EB20093473E /* Main.storyboard */,
				4E2754481F2E24CE0093473E /* Flashcards.swift */,
				4E27543D1F2D5EB20093473E /* Assets.xcassets */,
				4E27543F1F2D5EB20093473E /* LaunchScreen.storyboard */,
				4E2754421F2D5EB20093473E /* Info.plist */,
			);
			path = FlashGit;
			sourceTree = "<group>";
		};
/* End PBXGroup section */

/* Begin PBXNativeTarget section */
		4E2754321F2D5EB10093473E /* FlashGit */ = {
			isa = PBXNativeTarget;
			buildConfigurationList = 4E2754451F2D5EB20093473E /* Build configuration list for PBXNativeTarget "FlashGit" */;
			buildPhases = (
				4E27542F1F2D5EB10093473E /* Sources */,
				4E2754301F2D5EB10093473E /* Frameworks */,
				4E2754311F2D5EB10093473E /* Resources */,
			);
			buildRules = (
			);
			dependencies = (
			);
			name = FlashGit;
			productName = FlashGit;
			productReference = 4E2754331F2D5EB10093473E /* FlashGit.app */;
			productType = "com.apple.product-type.application";
		};
/* End PBXNativeTarget section */

/* Begin PBXProject section */
		4E27542B1F2D5EB10093473E /* Project object */ = {
			isa = PBXProject;
			attributes = {
				LastSwiftUpdateCheck = 0830;
				LastUpgradeCheck = 0830;
				ORGANIZATIONNAME = "Sami Vashaw";
				TargetAttributes = {
					4E2754321F2D5EB10093473E = {
						CreatedOnToolsVersion = 8.3.3;
						DevelopmentTeam = YX4X4DVFNG;
						ProvisioningStyle = Automatic;
					};
				};
			};
			buildConfigurationList = 4E27542E1F2D5EB10093473E /* Build configuration list for PBXProject "FlashGit" */;
			compatibilityVersion = "Xcode 3.2";
			developmentRegion = English;
			hasScannedForEncodings = 0;
			knownRegions = (
				en,
				Base,
			);
			mainGroup = 4E27542A1F2D5EB10093473E;
			productRefGroup = 4E2754341F2D5EB10093473E /* Products */;
			projectDirPath = "";
			projectRoot = "";
			targets = (
				4E2754321F2D5EB10093473E /* FlashGit */,
			);
		};
/* End PBXProject section */

/* Begin PBXResourcesBuildPhase section */
		4E2754311F2D5EB10093473E /* Resources */ = {
			isa = PBXResourcesBuildPhase;
			buildActionMask = 2147483647;
			files = (
				4E2754411F2D5EB20093473E /* LaunchScreen.storyboard in Resources */,
				4E27543E1F2D5EB20093473E /* Assets.xcassets in Resources */,
				4E27543C1F2D5EB20093473E /* Main.storyboard in Resources */,
			);
			runOnlyForDeploymentPostprocessing = 0;
		};
/* End PBXResourcesBuildPhase section */

/* Begin PBXSourcesBuildPhase section */
		4E27542F1F2D5EB10093473E /* Sources */ = {
			isa = PBXSourcesBuildPhase;
			buildActionMask = 2147483647;
			files = (
				4E2754491F2E24CE0093473E /* Flashcards.swift in Sources */,
				4E2754391F2D5EB10093473E /* ViewController.swift in Sources */,
				4E2754371F2D5EB10093473E /* AppDelegate.swift in Sources */,
			);
			runOnlyForDeploymentPostprocessing = 0;
		};
/* End PBXSourcesBuildPhase section */

/* Begin PBXVariantGroup section */
		4E27543A1F2D5EB20093473E /* Main.storyboard */ = {
			isa = PBXVariantGroup;
			children = (
				4E27543B1F2D5EB20093473E /* Base */,
			);
			name = Main.storyboard;
			sourceTree = "<group>";
		};
		4E27543F1F2D5EB20093473E /* LaunchScreen.storyboard */ = {
			isa = PBXVariantGroup;
			children = (
				4E2754401F2D5EB20093473E /* Base */,
			);
			name = LaunchScreen.storyboard;
			sourceTree = "<group>";
		};
/* End PBXVariantGroup section */

/* Begin XCBuildConfiguration section */
		4E2754431F2D5EB20093473E /* Debug */ = {
			isa = XCBuildConfiguration;
			buildSettings = {
				ALWAYS_SEARCH_USER_PATHS = NO;
				CLANG_ANALYZER_NONNULL = YES;
				CLANG_ANALYZER_NUMBER_OBJECT_CONVERSION = YES_AGGRESSIVE;
				CLANG_CXX_LANGUAGE_STANDARD = "gnu++0x";
				CLANG_CXX_LIBRARY = "libc++";
				CLANG_ENABLE_MODULES = YES;
				CLANG_ENABLE_OBJC_ARC = YES;
				CLANG_WARN_BOOL_CONVERSION = YES;
				CLANG_WARN_CONSTANT_CONVERSION = YES;
				CLANG_WARN_DIRECT_OBJC_ISA_USAGE = YES_ERROR;
				CLANG_WARN_DOCUMENTATION_COMMENTS = YES;
				CLANG_WARN_EMPTY_BODY = YES;
				CLANG_WARN_ENUM_CONVERSION = YES;
				CLANG_WARN_INFINITE_RECURSION = YES;
				CLANG_WARN_INT_CONVERSION = YES;
				CLANG_WARN_OBJC_ROOT_CLASS = YES_ERROR;
				CLANG_WARN_SUSPICIOUS_MOVE = YES;
				CLANG_WARN_UNREACHABLE_CODE = YES;
				CLANG_WARN__DUPLICATE_METHOD_MATCH = YES;
				"CODE_SIGN_IDENTITY[sdk=iphoneos*]" = "iPhone Developer";
				COPY_PHASE_STRIP = NO;
				DEBUG_INFORMATION_FORMAT = dwarf;
				ENABLE_STRICT_OBJC_MSGSEND = YES;
				ENABLE_TESTABILITY = YES;
				GCC_C_LANGUAGE_STANDARD = gnu99;
				GCC_DYNAMIC_NO_PIC = NO;
				GCC_NO_COMMON_BLOCKS = YES;
				GCC_OPTIMIZATION_LEVEL = 0;
				GCC_PREPROCESSOR_DEFINITIONS = (
					"DEBUG=1",
					"$(inherited)",
				);
				GCC_WARN_64_TO_32_BIT_CONVERSION = YES;
				GCC_WARN_ABOUT_RETURN_TYPE = YES_ERROR;
				GCC_WARN_UNDECLARED_SELECTOR = YES;
				GCC_WARN_UNINITIALIZED_AUTOS = YES_AGGRESSIVE;
				GCC_WARN_UNUSED_FUNCTION = YES;
				GCC_WARN_UNUSED_VARIABLE = YES;
				IPHONEOS_DEPLOYMENT_TARGET = 10.3;
				MTL_ENABLE_DEBUG_INFO = YES;
				ONLY_ACTIVE_ARCH = YES;
				SDKROOT = iphoneos;
				SWIFT_ACTIVE_COMPILATION_CONDITIONS = DEBUG;
				SWIFT_OPTIMIZATION_LEVEL = "-Onone";
				TARGETED_DEVICE_FAMILY = "1,2";
			};
			name = Debug;
		};
		4E2754441F2D5EB20093473E /* Release */ = {
			isa = XCBuildConfiguration;
			buildSettings = {
				ALWAYS_SEARCH_USER_PATHS = NO;
				CLANG_ANALYZER_NONNULL = YES;
				CLANG_ANALYZER_NUMBER_OBJECT_CONVERSION = YES_AGGRESSIVE;
				CLANG_CXX_LANGUAGE_STANDARD = "gnu++0x";
				CLANG_CXX_LIBRARY = "libc++";
				CLANG_ENABLE_MODULES = YES;
				CLANG_ENABLE_OBJC_ARC = YES;
				CLANG_WARN_BOOL_CONVERSION = YES;
				CLANG_WARN_CONSTANT_CONVERSION = YES;
				CLANG_WARN_DIRECT_OBJC_ISA_USAGE = YES_ERROR;
				CLANG_WARN_DOCUMENTATION_COMMENTS = YES;
				CLANG_WARN_EMPTY_BODY = YES;
				CLANG_WARN_ENUM_CONVERSION = YES;
				CLANG_WARN_INFINITE_RECURSION = YES;
				CLANG_WARN_INT_CONVERSION = YES;
				CLANG_WARN_OBJC_ROOT_CLASS = YES_ERROR;
				CLANG_WARN_SUSPICIOUS_MOVE = YES;
				CLANG_WARN_UNREACHABLE_CODE = YES;
				CLANG_WARN__DUPLICATE_METHOD_MATCH = YES;
				"CODE_SIGN_IDENTITY[sdk=iphoneos*]" = "iPhone Developer";
				COPY_PHASE_STRIP = NO;
				DEBUG_INFORMATION_FORMAT = "dwarf-with-dsym";
				ENABLE_NS_ASSERTIONS = NO;
				ENABLE_STRICT_OBJC_MSGSEND = YES;
				GCC_C_LANGUAGE_STANDARD = gnu99;
				GCC_NO_COMMON_BLOCKS = YES;
				GCC_WARN_64_TO_32_BIT_CONVERSION = YES;
				GCC_WARN_ABOUT_RETURN_TYPE = YES_ERROR;
				GCC_WARN_UNDECLARED_SELECTOR = YES;
				GCC_WARN_UNINITIALIZED_AUTOS = YES_AGGRESSIVE;
				GCC_WARN_UNUSED_FUNCTION = YES;
				GCC_WARN_UNUSED_VARIABLE = YES;
				IPHONEOS_DEPLOYMENT_TARGET = 10.3;
				MTL_ENABLE_DEBUG_INFO = NO;
				SDKROOT = iphoneos;
				SWIFT_OPTIMIZATION_LEVEL = "-Owholemodule";
				TARGETED_DEVICE_FAMILY = "1,2";
				VALIDATE_PRODUCT = YES;
			};
			name = Release;
		};
		4E2754461F2D5EB20093473E /* Debug */ = {
			isa = XCBuildConfiguration;
			buildSettings = {
				ASSETCATALOG_COMPILER_APPICON_NAME = AppIcon;
				DEVELOPMENT_TEAM = YX4X4DVFNG;
				INFOPLIST_FILE = FlashGit/Info.plist;
				IPHONEOS_DEPLOYMENT_TARGET = 10.0;
				LD_RUNPATH_SEARCH_PATHS = "$(inherited) @executable_path/Frameworks";
				PRODUCT_BUNDLE_IDENTIFIER = "CSI240-02.FlashGit";
				PRODUCT_NAME = "$(TARGET_NAME)";
				SWIFT_VERSION = 3.0;
			};
			name = Debug;
		};
		4E2754471F2D5EB20093473E /* Release */ = {
			isa = XCBuildConfiguration;
			buildSettings = {
				ASSETCATALOG_COMPILER_APPICON_NAME = AppIcon;
				DEVELOPMENT_TEAM = YX4X4DVFNG;
				INFOPLIST_FILE = FlashGit/Info.plist;
				IPHONEOS_DEPLOYMENT_TARGET = 10.0;
				LD_RUNPATH_SEARCH_PATHS = "$(inherited) @executable_path/Frameworks";
				PRODUCT_BUNDLE_IDENTIFIER = "CSI240-02.FlashGit";
				PRODUCT_NAME = "$(TARGET_NAME)";
				SWIFT_VERSION = 3.0;
			};
			name = Release;
		};
/* End XCBuildConfiguration section */

/* Begin XCConfigurationList section */
		4E27542E1F2D5EB10093473E /* Build configuration list for PBXProject "FlashGit" */ = {
			isa = XCConfigurationList;
			buildConfigurations = (
				4E2754431F2D5EB20093473E /* Debug */,
				4E2754441F2D5EB20093473E /* Release */,
			);
			defaultConfigurationIsVisible = 0;
			defaultConfigurationName = Release;
		};
		4E2754451F2D5EB20093473E /* Build configuration list for PBXNativeTarget "FlashGit" */ = {
			isa = XCConfigurationList;
			buildConfigurations = (
				4E2754461F2D5EB20093473E /* Debug */,
				4E2754471F2D5EB20093473E /* Release */,
			);
			defaultConfigurationIsVisible = 0;
			defaultConfigurationName = Release;
		};
/* End XCConfigurationList section */
	};
	rootObject = 4E27542B1F2D5EB10093473E /* Project object */;
}
